
Microsoft Visual Studio Solution File, Format Version 12.00
# Visual Studio 15
VisualStudioVersion = 15.0.28307.779
MinimumVisualStudioVersion = 10.0.40219.1
Project("{FAE04EC0-301F-11D3-BF4B-00C04F79EFBC}") = "Server", "Server.csproj", "{57A2D59A-6950-45D3-8A43-2AE09716F0EF}"
EndProject
Project("{FAE04EC0-301F-11D3-BF4B-00C04F79EFBC}") = "TestServer", "..\ServerTest\TestServer\TestServer.csproj", "{188E836D-2499-48F2-936C-CD6B74D40132}"
EndProject
Project("{FAE04EC0-301F-11D3-BF4B-00C04F79EFBC}") = "Client", "..\Client\Client.csproj", "{C6E716C4-1DDB-4FB7-879E-17DBE9E2CBC9}"
EndProject
Project("{FAE04EC0-301F-11D3-BF4B-00C04F79EFBC}") = "LNetwork", "LNetwork\LNetwork.csproj", "{4EF46EE9-A857-4F16-ACEF-9335D83E4166}"
EndProject
Project("{FAE04EC0-301F-11D3-BF4B-00C04F79EFBC}") = "LGameGateNetwork", "LGameGateNetwork\LGameGateNetwork.csproj", "{C395B90C-0B17-4156-BE01-1C896FE1470E}"
EndProject
Project("{FAE04EC0-301F-11D3-BF4B-00C04F79EFBC}") = "TestLNetwork", "TestLNetwork\TestLNetwork.csproj", "{25587D30-AF2D-473D-ABEA-D254D65AA067}"
EndProject
Project("{FAE04EC0-301F-11D3-BF4B-00C04F79EFBC}") = "GeneratedCode", "GeneratedCode\GeneratedCode.csproj", "{40684717-2BD4-463E-8DDA-FEF1E3959DE6}"
EndProject
Project("{FAE04EC0-301F-11D3-BF4B-00C04F79EFBC}") = "TerasologyWorld", "..\TerasologyWorld\TerasologyWorld.csproj", "{F7067083-F35D-4BE0-9B23-3EED6E2D5575}"
EndProject
Global
	GlobalSection(SolutionConfigurationPlatforms) = preSolution
		Debug|Any CPU = Debug|Any CPU
		Debug|x64 = Debug|x64
		Release|Any CPU = Release|Any CPU
		Release|x64 = Release|x64
	EndGlobalSection
	GlobalSection(ProjectConfigurationPlatforms) = postSolution
		{57A2D59A-6950-45D3-8A43-2AE09716F0EF}.Debug|Any CPU.ActiveCfg = Debug|Any CPU
		{57A2D59A-6950-45D3-8A43-2AE09716F0EF}.Debug|Any CPU.Build.0 = Debug|Any CPU
		{57A2D59A-6950-45D3-8A43-2AE09716F0EF}.Debug|x64.ActiveCfg = Debug|x64
		{57A2D59A-6950-45D3-8A43-2AE09716F0EF}.Debug|x64.Build.0 = Debug|x64
		{57A2D59A-6950-45D3-8A43-2AE09716F0EF}.Release|Any CPU.ActiveCfg = Release|Any CPU
		{57A2D59A-6950-45D3-8A43-2AE09716F0EF}.Release|Any CPU.Build.0 = Release|Any CPU
		{57A2D59A-6950-45D3-8A43-2AE09716F0EF}.Release|x64.ActiveCfg = Release|x64
		{57A2D59A-6950-45D3-8A43-2AE09716F0EF}.Release|x64.Build.0 = Release|x64
		{188E836D-2499-48F2-936C-CD6B74D40132}.Debug|Any CPU.ActiveCfg = Debug|Any CPU
		{188E836D-2499-48F2-936C-CD6B74D40132}.Debug|Any CPU.Build.0 = Debug|Any CPU
		{188E836D-2499-48F2-936C-CD6B74D40132}.Debug|x64.ActiveCfg = Debug|Any CPU
		{188E836D-2499-48F2-936C-CD6B74D40132}.Debug|x64.Build.0 = Debug|Any CPU
		{188E836D-2499-48F2-936C-CD6B74D40132}.Release|Any CPU.ActiveCfg = Release|Any CPU
		{188E836D-2499-48F2-936C-CD6B74D40132}.Release|Any CPU.Build.0 = Release|Any CPU
		{188E836D-2499-48F2-936C-CD6B74D40132}.Release|x64.ActiveCfg = Release|Any CPU
		{188E836D-2499-48F2-936C-CD6B74D40132}.Release|x64.Build.0 = Release|Any CPU
		{C6E716C4-1DDB-4FB7-879E-17DBE9E2CBC9}.Debug|Any CPU.ActiveCfg = Debug|Any CPU
		{C6E716C4-1DDB-4FB7-879E-17DBE9E2CBC9}.Debug|Any CPU.Build.0 = Debug|Any CPU
		{C6E716C4-1DDB-4FB7-879E-17DBE9E2CBC9}.Debug|x64.ActiveCfg = Debug|Any CPU
		{C6E716C4-1DDB-4FB7-879E-17DBE9E2CBC9}.Debug|x64.Build.0 = Debug|Any CPU
		{C6E716C4-1DDB-4FB7-879E-17DBE9E2CBC9}.Release|Any CPU.ActiveCfg = Release|Any CPU
		{C6E716C4-1DDB-4FB7-879E-17DBE9E2CBC9}.Release|Any CPU.Build.0 = Release|Any CPU
		{C6E716C4-1DDB-4FB7-879E-17DBE9E2CBC9}.Release|x64.ActiveCfg = Release|Any CPU
		{C6E716C4-1DDB-4FB7-879E-17DBE9E2CBC9}.Release|x64.Build.0 = Release|Any CPU
		{4EF46EE9-A857-4F16-ACEF-9335D83E4166}.Debug|Any CPU.ActiveCfg = Debug|Any CPU
		{4EF46EE9-A857-4F16-ACEF-9335D83E4166}.Debug|Any CPU.Build.0 = Debug|Any CPU
		{4EF46EE9-A857-4F16-ACEF-9335D83E4166}.Debug|x64.ActiveCfg = Debug|Any CPU
		{4EF46EE9-A857-4F16-ACEF-9335D83E4166}.Debug|x64.Build.0 = Debug|Any CPU
		{4EF46EE9-A857-4F16-ACEF-9335D83E4166}.Release|Any CPU.ActiveCfg = Release|Any CPU
		{4EF46EE9-A857-4F16-ACEF-9335D83E4166}.Release|Any CPU.Build.0 = Release|Any CPU
		{4EF46EE9-A857-4F16-ACEF-9335D83E4166}.Release|x64.ActiveCfg = Release|Any CPU
		{4EF46EE9-A857-4F16-ACEF-9335D83E4166}.Release|x64.Build.0 = Release|Any CPU
		{C395B90C-0B17-4156-BE01-1C896FE1470E}.Debug|Any CPU.ActiveCfg = Debug|Any CPU
		{C395B90C-0B17-4156-BE01-1C896FE1470E}.Debug|Any CPU.Build.0 = Debug|Any CPU
		{C395B90C-0B17-4156-BE01-1C896FE1470E}.Debug|x64.ActiveCfg = Debug|Any CPU
		{C395B90C-0B17-4156-BE01-1C896FE1470E}.Debug|x64.Build.0 = Debug|Any CPU
		{C395B90C-0B17-4156-BE01-1C896FE1470E}.Release|Any CPU.ActiveCfg = Release|Any CPU
		{C395B90C-0B17-4156-BE01-1C896FE1470E}.Release|Any CPU.Build.0 = Release|Any CPU
		{C395B90C-0B17-4156-BE01-1C896FE1470E}.Release|x64.ActiveCfg = Release|Any CPU
		{C395B90C-0B17-4156-BE01-1C896FE1470E}.Release|x64.Build.0 = Release|Any CPU
		{25587D30-AF2D-473D-ABEA-D254D65AA067}.Debug|Any CPU.ActiveCfg = Debug|Any CPU
		{25587D30-AF2D-473D-ABEA-D254D65AA067}.Debug|Any CPU.Build.0 = Debug|Any CPU
		{25587D30-AF2D-473D-ABEA-D254D65AA067}.Debug|x64.ActiveCfg = Debug|Any CPU
		{25587D30-AF2D-473D-ABEA-D254D65AA067}.Debug|x64.Build.0 = Debug|Any CPU
		{25587D30-AF2D-473D-ABEA-D254D65AA067}.Release|Any CPU.ActiveCfg = Release|Any CPU
		{25587D30-AF2D-473D-ABEA-D254D65AA067}.Release|Any CPU.Build.0 = Release|Any CPU
		{25587D30-AF2D-473D-ABEA-D254D65AA067}.Release|x64.ActiveCfg = Release|Any CPU
		{25587D30-AF2D-473D-ABEA-D254D65AA067}.Release|x64.Build.0 = Release|Any CPU
		{40684717-2BD4-463E-8DDA-FEF1E3959DE6}.Debug|Any CPU.ActiveCfg = Debug|Any CPU
		{40684717-2BD4-463E-8DDA-FEF1E3959DE6}.Debug|Any CPU.Build.0 = Debug|Any CPU
		{40684717-2BD4-463E-8DDA-FEF1E3959DE6}.Debug|x64.ActiveCfg = Debug|Any CPU
		{40684717-2BD4-463E-8DDA-FEF1E3959DE6}.Debug|x64.Build.0 = Debug|Any CPU
		{40684717-2BD4-463E-8DDA-FEF1E3959DE6}.Release|Any CPU.ActiveCfg = Release|Any CPU
		{40684717-2BD4-463E-8DDA-FEF1E3959DE6}.Release|Any CPU.Build.0 = Release|Any CPU
		{40684717-2BD4-463E-8DDA-FEF1E3959DE6}.Release|x64.ActiveCfg = Release|Any CPU
		{40684717-2BD4-463E-8DDA-FEF1E3959DE6}.Release|x64.Build.0 = Release|Any CPU
		{F7067083-F35D-4BE0-9B23-3EED6E2D5575}.Debug|Any CPU.ActiveCfg = Debug|Any CPU
		{F7067083-F35D-4BE0-9B23-3EED6E2D5575}.Debug|Any CPU.Build.0 = Debug|Any CPU
		{F7067083-F35D-4BE0-9B23-3EED6E2D5575}.Debug|x64.ActiveCfg = Debug|Any CPU
		{F7067083-F35D-4BE0-9B23-3EED6E2D5575}.Debug|x64.Build.0 = Debug|Any CPU
		{F7067083-F35D-4BE0-9B23-3EED6E2D5575}.Release|Any CPU.ActiveCfg = Release|Any CPU
		{F7067083-F35D-4BE0-9B23-3EED6E2D5575}.Release|Any CPU.Build.0 = Release|Any CPU
		{F7067083-F35D-4BE0-9B23-3EED6E2D5575}.Release|x64.ActiveCfg = Release|Any CPU
		{F7067083-F35D-4BE0-9B23-3EED6E2D5575}.Release|x64.Build.0 = Release|Any CPU
	EndGlobalSection
	GlobalSection(SolutionProperties) = preSolution
		HideSolutionNode = FALSE
	EndGlobalSection
	GlobalSection(ExtensibilityGlobals) = postSolution
		SolutionGuid = {952A03FD-45EC-4107-9D87-89D0B1BCB0D0}
	EndGlobalSection
EndGlobal
